{
  "requires": true,
  "lockfileVersion": 1,
  "dependencies": {
    "resize-observer-polyfill": {
      "version": "1.5.1",
      "resolved": "https://registry.npm.taobao.org/resize-observer-polyfill/download/resize-observer-polyfill-1.5.1.tgz",
      "integrity": "sha1-DpAg3T0hAkRY1OvSfiPkAmmBBGQ="
    },
    "vue-scroll-shadow": {
      "version": "0.1.0",
      "resolved": "https://registry.npm.taobao.org/vue-scroll-shadow/download/vue-scroll-shadow-0.1.0.tgz",
      "integrity": "sha1-zeUeLRc32iwrHH5iJXHEJVIPuQQ=",
      "requires": {
        "resize-observer-polyfill": "^1.5.1"
      }
    }
  }
}
